---
lockfileVersion: 1
lockfileVendor: redhat
arches:
- arch: aarch64
  packages:
  - url: https://cdn-ubi.redhat.com/content/public/ubi/dist/ubi9/9/aarch64/appstream/os/Packages/c/cargo-1.88.0-1.el9.aarch64.rpm
    repoid: ubi-9-for-aarch64-appstream-rpms
    size: 7738248
    checksum: sha256:db106a81f1e6afa16afc7a28d008f42784f6602bca19bd147cb046b5dacc11e5
    name: cargo
    evr: 1.88.0-1.el9
    sourcerpm: rust-1.88.0-1.el9.src.rpm
  - url: https://cdn-ubi.redhat.com/content/public/ubi/dist/ubi9/9/aarch64/appstream/os/Packages/c/cpp-11.5.0-11.el9.aarch64.rpm
    repoid: ubi-9-for-aarch64-appstream-rpms
    size: 10797009
    checksum: sha256:eab64632a86902a074d60f7f32d444e1911fcc53b9a8b0de60082eea20bea808
    name: cpp
    evr: 11.5.0-11.el9
    sourcerpm: gcc-11.5.0-11.el9.src.rpm
  - url: https://cdn-ubi.redhat.com/content/public/ubi/dist/ubi9/9/aarch64/appstream/os/Packages/g/gcc-11.5.0-11.el9.aarch64.rpm
    repoid: ubi-9-for-aarch64-appstream-rpms
    size: 31296441
    checksum: sha256:6831e31f3fecd845b4058d68c3c3a9cc1fae525f81dda36368ddc550f28bbc5e
    name: gcc
    evr: 11.5.0-11.el9
    sourcerpm: gcc-11.5.0-11.el9.src.rpm
  - url: https://cdn-ubi.redhat.com/content/public/ubi/dist/ubi9/9/aarch64/appstream/os/Packages/g/glibc-devel-2.34-231.el9_7.2.aarch64.rpm
    repoid: ubi-9-for-aarch64-appstream-rpms
    size: 568363
    checksum: sha256:5e3bbdb64dad55fdb07540756c333e0a73afe4ab493de199277a82138c224352
    name: glibc-devel
    evr: 2.34-231.el9_7.2
    sourcerpm: glibc-2.34-231.el9_7.2.src.rpm
  - url: https://cdn-ubi.redhat.com/content/public/ubi/dist/ubi9/9/aarch64/appstream/os/Packages/k/kernel-headers-5.14.0-611.26.1.el9_7.aarch64.rpm
    repoid: ubi-9-for-aarch64-appstream-rpms
    size: 2970093
    checksum: sha256:d37df9739ee3fae172b024b8a6a90e6768494e3507e7098582a05b328c63e8e6
    name: kernel-headers
    evr: 5.14.0-611.26.1.el9_7
    sourcerpm: kernel-5.14.0-611.26.1.el9_7.src.rpm
  - url: https://cdn-ubi.redhat.com/content/public/ubi/dist/ubi9/9/aarch64/appstream/os/Packages/l/libasan-11.5.0-11.el9.aarch64.rpm
    repoid: ubi-9-for-aarch64-appstream-rpms
    size: 408716
    checksum: sha256:247090a8241441529d2c4dc5932ddc1c1075418ba9618d4b8b5e65d1e2aef7b7
    name: libasan
    evr: 11.5.0-11.el9
    sourcerpm: gcc-11.5.0-11.el9.src.rpm
  - url: https://cdn-ubi.redhat.com/content/public/ubi/dist/ubi9/9/aarch64/appstream/os/Packages/l/libmpc-1.2.1-4.el9.aarch64.rpm
    repoid: ubi-9-for-aarch64-appstream-rpms
    size: 67120
    checksum: sha256:3763354a5f45d886f9976eec20eb34f8afc2144c69ffba07de546f2820893c70
    name: libmpc
    evr: 1.2.1-4.el9
    sourcerpm: libmpc-1.2.1-4.el9.src.rpm
  - url: https://cdn-ubi.redhat.com/content/public/ubi/dist/ubi9/9/aarch64/appstream/os/Packages/l/libnsl2-2.0.0-1.el9.aarch64.rpm
    repoid: ubi-9-for-aarch64-appstream-rpms
    size: 32849
    checksum: sha256:5b38c8b55dbfc549271617e132d2d98ceaa9ca30711f73edd8b39a6af689de27
    name: libnsl2
    evr: 2.0.0-1.el9
    sourcerpm: libnsl2-2.0.0-1.el9.src.rpm
  - url: https://cdn-ubi.redhat.com/content/public/ubi/dist/ubi9/9/aarch64/appstream/os/Packages/l/libubsan-11.5.0-11.el9.aarch64.rpm
    repoid: ubi-9-for-aarch64-appstream-rpms
    size: 178723
    checksum: sha256:03aa0392d5d7a442ee81963eb659b011446e6fcd5904c7b4c2850acdb81e22dc
    name: libubsan
    evr: 11.5.0-11.el9
    sourcerpm: gcc-11.5.0-11.el9.src.rpm
  - url: https://cdn-ubi.redhat.com/content/public/ubi/dist/ubi9/9/aarch64/appstream/os/Packages/l/libxcrypt-devel-4.4.18-3.el9.aarch64.rpm
    repoid: ubi-9-for-aarch64-appstream-rpms
    size: 33051
    checksum: sha256:9d621f33df35b9c274b8d65457d6c67fc1522b6c62cf7b2341a4a99f39a93507
    name: libxcrypt-devel
    evr: 4.4.18-3.el9
    sourcerpm: libxcrypt-4.4.18-3.el9.src.rpm
  - url: https://cdn-ubi.redhat.com/content/public/ubi/dist/ubi9/9/aarch64/appstream/os/Packages/l/llvm-filesystem-20.1.8-3.el9.aarch64.rpm
    repoid: ubi-9-for-aarch64-appstream-rpms
    size: 9320
    checksum: sha256:e92a53ac2ca3dfad1c286f67b86fd80c1ded3e7714a745c7222d8012575a7180
    name: llvm-filesystem
    evr: 20.1.8-3.el9
    sourcerpm: llvm-20.1.8-3.el9.src.rpm
  - url: https://cdn-ubi.redhat.com/content/public/ubi/dist/ubi9/9/aarch64/appstream/os/Packages/l/llvm-libs-20.1.8-3.el9.aarch64.rpm
    repoid: ubi-9-for-aarch64-appstream-rpms
    size: 29379083
    checksum: sha256:ab5ca15a0edd98c358879337c4983f33b433bb7ca39f3252ec69d1523e56065d
    name: llvm-libs
    evr: 20.1.8-3.el9
    sourcerpm: llvm-20.1.8-3.el9.src.rpm
  - url: https://cdn-ubi.redhat.com/content/public/ubi/dist/ubi9/9/aarch64/appstream/os/Packages/m/mpdecimal-2.5.1-3.el9.aarch64.rpm
    repoid: ubi-9-for-aarch64-appstream-rpms
    size: 92062
    checksum: sha256:6bdb76d4bb510b0e435698a46a09d0849fb07b2f53c00239e8989d8f141d1d14
    name: mpdecimal
    evr: 2.5.1-3.el9
    sourcerpm: mpdecimal-2.5.1-3.el9.src.rpm
  - url: https://cdn-ubi.redhat.com/content/public/ubi/dist/ubi9/9/aarch64/appstream/os/Packages/p/python3.12-3.12.12-4.el9_7.aarch64.rpm
    repoid: ubi-9-for-aarch64-appstream-rpms
    size: 32476
    checksum: sha256:2a637766bc065924225506b46f2c7592e25c9f6b76b6d202b900f3c8c2037ffc
    name: python3.12
    evr: 3.12.12-4.el9_7
    sourcerpm: python3.12-3.12.12-4.el9_7.src.rpm
  - url: https://cdn-ubi.redhat.com/content/public/ubi/dist/ubi9/9/aarch64/appstream/os/Packages/p/python3.12-devel-3.12.12-4.el9_7.aarch64.rpm
    repoid: ubi-9-for-aarch64-appstream-rpms
    size: 338253
    checksum: sha256:7eca214d3fc1d3e9c5fbdecb0ae44306a6af73c106cbc431462740fb0f9fdd80
    name: python3.12-devel
    evr: 3.12.12-4.el9_7
    sourcerpm: python3.12-3.12.12-4.el9_7.src.rpm
  - url: https://cdn-ubi.redhat.com/content/public/ubi/dist/ubi9/9/aarch64/appstream/os/Packages/p/python3.12-libs-3.12.12-4.el9_7.aarch64.rpm
    repoid: ubi-9-for-aarch64-appstream-rpms
    size: 10135295
    checksum: sha256:5f9e311357920e8f0948ab0f48b2c0fa26986d968709b66408106cdd63856e6a
    name: python3.12-libs
    evr: 3.12.12-4.el9_7
    sourcerpm: python3.12-3.12.12-4.el9_7.src.rpm
  - url: https://cdn-ubi.redhat.com/content/public/ubi/dist/ubi9/9/aarch64/appstream/os/Packages/p/python3.12-pip-23.2.1-5.el9.noarch.rpm
    repoid: ubi-9-for-aarch64-appstream-rpms
    size: 3370313
    checksum: sha256:7abdc28c07f4286ef1da5a5033266f89b7aed4d61cb13b9fec3cfa7576ed6fde
    name: python3.12-pip
    evr: 23.2.1-5.el9
    sourcerpm: python3.12-pip-23.2.1-5.el9.src.rpm
  - url: https://cdn-ubi.redhat.com/content/public/ubi/dist/ubi9/9/aarch64/appstream/os/Packages/p/python3.12-pip-wheel-23.2.1-5.el9.noarch.rpm
    repoid: ubi-9-for-aarch64-appstream-rpms
    size: 1527128
    checksum: sha256:b3271e01edab5152b4f62515faca4c171fb842b4e871f7d30651a076de621b0e
    name: python3.12-pip-wheel
    evr: 23.2.1-5.el9
    sourcerpm: python3.12-pip-23.2.1-5.el9.src.rpm
  - url: https://cdn-ubi.redhat.com/content/public/ubi/dist/ubi9/9/aarch64/appstream/os/Packages/p/python3.12-setuptools-68.2.2-5.el9_6.noarch.rpm
    repoid: ubi-9-for-aarch64-appstream-rpms
    size: 1654905
    checksum: sha256:6a7ea24faa6a5f2686b5e5b103a09f63b929b9bef70f1392dfea4ec5ef57c819
    name: python3.12-setuptools
    evr: 68.2.2-5.el9_6
    sourcerpm: python3.12-setuptools-68.2.2-5.el9_6.src.rpm
  - url: https://cdn-ubi.redhat.com/content/public/ubi/dist/ubi9/9/aarch64/appstream/os/Packages/r/rust-1.88.0-1.el9.aarch64.rpm
    repoid: ubi-9-for-aarch64-appstream-rpms
    size: 28639155
    checksum: sha256:ef479c53d6d2e75753f5d36661ec01746d70ad16dcbb82f51dc4296de8e32613
    name: rust
    evr: 1.88.0-1.el9
    sourcerpm: rust-1.88.0-1.el9.src.rpm
  - url: https://cdn-ubi.redhat.com/content/public/ubi/dist/ubi9/9/aarch64/appstream/os/Packages/r/rust-std-static-1.88.0-1.el9.aarch64.rpm
    repoid: ubi-9-for-aarch64-appstream-rpms
    size: 39777482
    checksum: sha256:9431bb9d0a3dd5fbfe3bfef2c28ef5149c72173ad53b75b046e1f4dad9d9d48d
    name: rust-std-static
    evr: 1.88.0-1.el9
    sourcerpm: rust-1.88.0-1.el9.src.rpm
  - url: https://cdn-ubi.redhat.com/content/public/ubi/dist/ubi9/9/aarch64/baseos/os/Packages/b/binutils-2.35.2-67.el9_7.1.aarch64.rpm
    repoid: ubi-9-for-aarch64-baseos-rpms
    size: 5017674
    checksum: sha256:5c26e9da5ebaf4d5feb38f117b4468c41ad0c66cd80e52a68a9c322abf2b04ba
    name: binutils
    evr: 2.35.2-67.el9_7.1
    sourcerpm: binutils-2.35.2-67.el9_7.1.src.rpm
  - url: https://cdn-ubi.redhat.com/content/public/ubi/dist/ubi9/9/aarch64/baseos/os/Packages/b/binutils-gold-2.35.2-67.el9_7.1.aarch64.rpm
    repoid: ubi-9-for-aarch64-baseos-rpms
    size: 902260
    checksum: sha256:a9e2c2aac2f03056149fb55ed37a0df540dd65c921612ef3cde3d899ea7d8224
    name: binutils-gold
    evr: 2.35.2-67.el9_7.1
    sourcerpm: binutils-2.35.2-67.el9_7.1.src.rpm
  - url: https://cdn-ubi.redhat.com/content/public/ubi/dist/ubi9/9/aarch64/baseos/os/Packages/e/elfutils-debuginfod-client-0.193-1.el9.aarch64.rpm
    repoid: ubi-9-for-aarch64-baseos-rpms
    size: 43664
    checksum: sha256:f4eaff2bb0d77405c94e1877ae2dc3c741a5d06172ba75056af070b8c06b50a4
    name: elfutils-debuginfod-client
    evr: 0.193-1.el9
    sourcerpm: elfutils-0.193-1.el9.src.rpm
  - url: https://cdn-ubi.redhat.com/content/public/ubi/dist/ubi9/9/aarch64/baseos/os/Packages/e/elfutils-default-yama-scope-0.193-1.el9.noarch.rpm
    repoid: ubi-9-for-aarch64-baseos-rpms
    size: 9949
    checksum: sha256:8f64d1675627246b912a6b7b71bb4c28c2d1ef09753208253c90253a4a31132f
    name: elfutils-default-yama-scope
    evr: 0.193-1.el9
    sourcerpm: elfutils-0.193-1.el9.src.rpm
  - url: https://cdn-ubi.redhat.com/content/public/ubi/dist/ubi9/9/aarch64/baseos/os/Packages/e/elfutils-libelf-0.193-1.el9.aarch64.rpm
    repoid: ubi-9-for-aarch64-baseos-rpms
    size: 208617
    checksum: sha256:481f731dd9877eedebe6b99cb1af171e091ce59265aa6bbee04f9b6b589c9ce6
    name: elfutils-libelf
    evr: 0.193-1.el9
    sourcerpm: elfutils-0.193-1.el9.src.rpm
  - url: https://cdn-ubi.redhat.com/content/public/ubi/dist/ubi9/9/aarch64/baseos/os/Packages/e/elfutils-libs-0.193-1.el9.aarch64.rpm
    repoid: ubi-9-for-aarch64-baseos-rpms
    size: 271508
    checksum: sha256:d99325980fe5826b62a717aa63f863b66a65e047dc5f2d593a0ddcfa4308d0bf
    name: elfutils-libs
    evr: 0.193-1.el9
    sourcerpm: elfutils-0.193-1.el9.src.rpm
  - url: https://cdn-ubi.redhat.com/content/public/ubi/dist/ubi9/9/aarch64/baseos/os/Packages/e/expat-2.5.0-5.el9_7.1.aarch64.rpm
    repoid: ubi-9-for-aarch64-baseos-rpms
    size: 114334
    checksum: sha256:1129f05857f5fad3f7755514591fa22cedda810f541476e3a54b6257a4846341
    name: expat
    evr: 2.5.0-5.el9_7.1
    sourcerpm: expat-2.5.0-5.el9_7.1.src.rpm
  - url: https://cdn-ubi.redhat.com/content/public/ubi/dist/ubi9/9/aarch64/baseos/os/Packages/l/libedit-3.1-38.20210216cvs.el9.aarch64.rpm
    repoid: ubi-9-for-aarch64-baseos-rpms
    size: 107505
    checksum: sha256:a56a79e2254db3d351dce58e9960921aec45715b6b7c93eb7a0f453d1e60bae4
    name: libedit
    evr: 3.1-38.20210216cvs.el9
    sourcerpm: libedit-3.1-38.20210216cvs.el9.src.rpm
  - url: https://cdn-ubi.redhat.com/content/public/ubi/dist/ubi9/9/aarch64/baseos/os/Packages/l/libgomp-11.5.0-11.el9.aarch64.rpm
    repoid: ubi-9-for-aarch64-baseos-rpms
    size: 261873
    checksum: sha256:eef29b0651ac6b2c3087f78dbca4066e9674fcd272926157d55ada53b1755c8f
    name: libgomp
    evr: 11.5.0-11.el9
    sourcerpm: gcc-11.5.0-11.el9.src.rpm
  - url: https://cdn-ubi.redhat.com/content/public/ubi/dist/ubi9/9/aarch64/baseos/os/Packages/l/libpkgconf-1.7.3-10.el9.aarch64.rpm
    repoid: ubi-9-for-aarch64-baseos-rpms
    size: 38310
    checksum: sha256:9bdfccf6b092e0683aa6984f7c6caa737b30c0b1495e16abb03b5d1a5f8e787a
    name: libpkgconf
    evr: 1.7.3-10.el9
    sourcerpm: pkgconf-1.7.3-10.el9.src.rpm
  - url: https://cdn-ubi.redhat.com/content/public/ubi/dist/ubi9/9/aarch64/baseos/os/Packages/l/libtirpc-1.3.3-9.el9.aarch64.rpm
    repoid: ubi-9-for-aarch64-baseos-rpms
    size: 98735
    checksum: sha256:591a92387f21db11cb3607f566f95e1f4afe581428eec00f99539925560e1913
    name: libtirpc
    evr: 1.3.3-9.el9
    sourcerpm: libtirpc-1.3.3-9.el9.src.rpm
  - url: https://cdn-ubi.redhat.com/content/public/ubi/dist/ubi9/9/aarch64/baseos/os/Packages/m/make-4.3-8.el9.aarch64.rpm
    repoid: ubi-9-for-aarch64-baseos-rpms
    size: 550249
    checksum: sha256:351a22b0e6744bd329b1b0f22d9c3b69a6da970b575e6c76190cc84b0fe77450
    name: make
    evr: 1:4.3-8.el9
    sourcerpm: make-4.3-8.el9.src.rpm
  - url: https://cdn-ubi.redhat.com/content/public/ubi/dist/ubi9/9/aarch64/baseos/os/Packages/p/pkgconf-1.7.3-10.el9.aarch64.rpm
    repoid: ubi-9-for-aarch64-baseos-rpms
    size: 45196
    checksum: sha256:aa38a3951a690d721a815ea8f9b01995a85f35a8540d8075205821011d0385e6
    name: pkgconf
    evr: 1.7.3-10.el9
    sourcerpm: pkgconf-1.7.3-10.el9.src.rpm
  - url: https://cdn-ubi.redhat.com/content/public/ubi/dist/ubi9/9/aarch64/baseos/os/Packages/p/pkgconf-m4-1.7.3-10.el9.noarch.rpm
    repoid: ubi-9-for-aarch64-baseos-rpms
    size: 16054
    checksum: sha256:91bafd6e06099451f60288327b275cfcc651822f6145176a157c6b0fa5131e02
    name: pkgconf-m4
    evr: 1.7.3-10.el9
    sourcerpm: pkgconf-1.7.3-10.el9.src.rpm
  - url: https://cdn-ubi.redhat.com/content/public/ubi/dist/ubi9/9/aarch64/baseos/os/Packages/p/pkgconf-pkg-config-1.7.3-10.el9.aarch64.rpm
    repoid: ubi-9-for-aarch64-baseos-rpms
    size: 12398
    checksum: sha256:47f1f744f96a2f3d360bc129837738dcebb1ee5032effc4472a891eea1d6a907
    name: pkgconf-pkg-config
    evr: 1.7.3-10.el9
    sourcerpm: pkgconf-1.7.3-10.el9.src.rpm
  source: []
  module_metadata: []
- arch: x86_64
  packages:
  - url: https://cdn-ubi.redhat.com/content/public/ubi/dist/ubi9/9/x86_64/appstream/os/Packages/c/cargo-1.88.0-1.el9.x86_64.rpm
    repoid: ubi-9-for-x86_64-appstream-rpms
    size: 8326606
    checksum: sha256:8d5b570c23f08d8e619cd9d69f4e6a25572cc4df0747f9cdc8c531621ce45480
    name: cargo
    evr: 1.88.0-1.el9
    sourcerpm: rust-1.88.0-1.el9.src.rpm
  - url: https://cdn-ubi.redhat.com/content/public/ubi/dist/ubi9/9/x86_64/appstream/os/Packages/c/cpp-11.5.0-11.el9.x86_64.rpm
    repoid: ubi-9-for-x86_64-appstream-rpms
    size: 11224872
    checksum: sha256:421a6f9e65d57c0b34128d7c5712c6617d87f7fc2fa896feb291f01aede6c4d2
    name: cpp
    evr: 11.5.0-11.el9
    sourcerpm: gcc-11.5.0-11.el9.src.rpm
  - url: https://cdn-ubi.redhat.com/content/public/ubi/dist/ubi9/9/x86_64/appstream/os/Packages/g/gcc-11.5.0-11.el9.x86_64.rpm
    repoid: ubi-9-for-x86_64-appstream-rpms
    size: 33986019
    checksum: sha256:9d6a29987112382e29640de757c7d6360b5742e8bded1696b335b5e98898acb9
    name: gcc
    evr: 11.5.0-11.el9
    sourcerpm: gcc-11.5.0-11.el9.src.rpm
  - url: https://cdn-ubi.redhat.com/content/public/ubi/dist/ubi9/9/x86_64/appstream/os/Packages/g/glibc-devel-2.34-231.el9_7.2.x86_64.rpm
    repoid: ubi-9-for-x86_64-appstream-rpms
    size: 37885
    checksum: sha256:6468a64e723d9fff4921fe05b8b5117b19277999053b20d67416f727b2b8d3dd
    name: glibc-devel
    evr: 2.34-231.el9_7.2
    sourcerpm: glibc-2.34-231.el9_7.2.src.rpm
  - url: https://cdn-ubi.redhat.com/content/public/ubi/dist/ubi9/9/x86_64/appstream/os/Packages/g/glibc-headers-2.34-231.el9_7.2.x86_64.rpm
    repoid: ubi-9-for-x86_64-appstream-rpms
    size: 558293
    checksum: sha256:f4405218c4527e240f0739ba1b63e8a653e74ef48e960c0e164da55eec8c51dc
    name: glibc-headers
    evr: 2.34-231.el9_7.2
    sourcerpm: glibc-2.34-231.el9_7.2.src.rpm
  - url: https://cdn-ubi.redhat.com/content/public/ubi/dist/ubi9/9/x86_64/appstream/os/Packages/k/kernel-headers-5.14.0-611.26.1.el9_7.x86_64.rpm
    repoid: ubi-9-for-x86_64-appstream-rpms
    size: 3009125
    checksum: sha256:7b5ae61202e1ecb8990167f22097808f6a4736737df44419124b78a01d73606a
    name: kernel-headers
    evr: 5.14.0-611.26.1.el9_7
    sourcerpm: kernel-5.14.0-611.26.1.el9_7.src.rpm
  - url: https://cdn-ubi.redhat.com/content/public/ubi/dist/ubi9/9/x86_64/appstream/os/Packages/l/libmpc-1.2.1-4.el9.x86_64.rpm
    repoid: ubi-9-for-x86_64-appstream-rpms
    size: 66075
    checksum: sha256:b97b4e98c3c6f41dcfc2ceb4ffa1aba7a338b7cfd9e6c4f63e3160dd3cc033d3
    name: libmpc
    evr: 1.2.1-4.el9
    sourcerpm: libmpc-1.2.1-4.el9.src.rpm
  - url: https://cdn-ubi.redhat.com/content/public/ubi/dist/ubi9/9/x86_64/appstream/os/Packages/l/libnsl2-2.0.0-1.el9.x86_64.rpm
    repoid: ubi-9-for-x86_64-appstream-rpms
    size: 33287
    checksum: sha256:052f7a182180528ba6e3c4378e5dcfb84640594a3e2e7bbe4f0167381e824ce0
    name: libnsl2
    evr: 2.0.0-1.el9
    sourcerpm: libnsl2-2.0.0-1.el9.src.rpm
  - url: https://cdn-ubi.redhat.com/content/public/ubi/dist/ubi9/9/x86_64/appstream/os/Packages/l/libxcrypt-devel-4.4.18-3.el9.x86_64.rpm
    repoid: ubi-9-for-x86_64-appstream-rpms
    size: 33101
    checksum: sha256:c1d171391a7d2e043a6953efd3df3e01edc9b4c6cdb54517e1608d204a5fce18
    name: libxcrypt-devel
    evr: 4.4.18-3.el9
    sourcerpm: libxcrypt-4.4.18-3.el9.src.rpm
  - url: https://cdn-ubi.redhat.com/content/public/ubi/dist/ubi9/9/x86_64/appstream/os/Packages/l/llvm-filesystem-20.1.8-3.el9.x86_64.rpm
    repoid: ubi-9-for-x86_64-appstream-rpms
    size: 9374
    checksum: sha256:b1584007e959eddcba9b5c930ca001a741ce8c5db53b60c97a1eeb1483e0444c
    name: llvm-filesystem
    evr: 20.1.8-3.el9
    sourcerpm: llvm-20.1.8-3.el9.src.rpm
  - url: https://cdn-ubi.redhat.com/content/public/ubi/dist/ubi9/9/x86_64/appstream/os/Packages/l/llvm-libs-20.1.8-3.el9.x86_64.rpm
    repoid: ubi-9-for-x86_64-appstream-rpms
    size: 31501653
    checksum: sha256:5ae29a9cf690992010987b3dfc8a249a869bfca8ae3a45178685411d7f70c358
    name: llvm-libs
    evr: 20.1.8-3.el9
    sourcerpm: llvm-20.1.8-3.el9.src.rpm
  - url: https://cdn-ubi.redhat.com/content/public/ubi/dist/ubi9/9/x86_64/appstream/os/Packages/m/mpdecimal-2.5.1-3.el9.x86_64.rpm
    repoid: ubi-9-for-x86_64-appstream-rpms
    size: 89670
    checksum: sha256:89a8c9951ac56bed2caa1adbcba349c021af1134b6e2df3fc0a8a60577a4f54d
    name: mpdecimal
    evr: 2.5.1-3.el9
    sourcerpm: mpdecimal-2.5.1-3.el9.src.rpm
  - url: https://cdn-ubi.redhat.com/content/public/ubi/dist/ubi9/9/x86_64/appstream/os/Packages/p/python3.12-3.12.12-4.el9_7.x86_64.rpm
    repoid: ubi-9-for-x86_64-appstream-rpms
    size: 32501
    checksum: sha256:b8f6891103491d23b53ed7dc01319ce943a426194bddb47383ed8b05da7340c3
    name: python3.12
    evr: 3.12.12-4.el9_7
    sourcerpm: python3.12-3.12.12-4.el9_7.src.rpm
  - url: https://cdn-ubi.redhat.com/content/public/ubi/dist/ubi9/9/x86_64/appstream/os/Packages/p/python3.12-devel-3.12.12-4.el9_7.x86_64.rpm
    repoid: ubi-9-for-x86_64-appstream-rpms
    size: 338363
    checksum: sha256:3b278827df7abf18464b8100a19ecd5d94971a71f528803522ff3de43fa17f1e
    name: python3.12-devel
    evr: 3.12.12-4.el9_7
    sourcerpm: python3.12-3.12.12-4.el9_7.src.rpm
  - url: https://cdn-ubi.redhat.com/content/public/ubi/dist/ubi9/9/x86_64/appstream/os/Packages/p/python3.12-libs-3.12.12-4.el9_7.x86_64.rpm
    repoid: ubi-9-for-x86_64-appstream-rpms
    size: 10201800
    checksum: sha256:11c7551ca41c44e1e3913a6dfb1107ad6a42cc707371676689584decbcf762e3
    name: python3.12-libs
    evr: 3.12.12-4.el9_7
    sourcerpm: python3.12-3.12.12-4.el9_7.src.rpm
  - url: https://cdn-ubi.redhat.com/content/public/ubi/dist/ubi9/9/x86_64/appstream/os/Packages/p/python3.12-pip-23.2.1-5.el9.noarch.rpm
    repoid: ubi-9-for-x86_64-appstream-rpms
    size: 3370313
    checksum: sha256:7abdc28c07f4286ef1da5a5033266f89b7aed4d61cb13b9fec3cfa7576ed6fde
    name: python3.12-pip
    evr: 23.2.1-5.el9
    sourcerpm: python3.12-pip-23.2.1-5.el9.src.rpm
  - url: https://cdn-ubi.redhat.com/content/public/ubi/dist/ubi9/9/x86_64/appstream/os/Packages/p/python3.12-pip-wheel-23.2.1-5.el9.noarch.rpm
    repoid: ubi-9-for-x86_64-appstream-rpms
    size: 1527128
    checksum: sha256:b3271e01edab5152b4f62515faca4c171fb842b4e871f7d30651a076de621b0e
    name: python3.12-pip-wheel
    evr: 23.2.1-5.el9
    sourcerpm: python3.12-pip-23.2.1-5.el9.src.rpm
  - url: https://cdn-ubi.redhat.com/content/public/ubi/dist/ubi9/9/x86_64/appstream/os/Packages/p/python3.12-setuptools-68.2.2-5.el9_6.noarch.rpm
    repoid: ubi-9-for-x86_64-appstream-rpms
    size: 1654905
    checksum: sha256:6a7ea24faa6a5f2686b5e5b103a09f63b929b9bef70f1392dfea4ec5ef57c819
    name: python3.12-setuptools
    evr: 68.2.2-5.el9_6
    sourcerpm: python3.12-setuptools-68.2.2-5.el9_6.src.rpm
  - url: https://cdn-ubi.redhat.com/content/public/ubi/dist/ubi9/9/x86_64/appstream/os/Packages/r/rust-1.88.0-1.el9.x86_64.rpm
    repoid: ubi-9-for-x86_64-appstream-rpms
    size: 30892199
    checksum: sha256:d976ea2f80c38598484e6e6e5501bc92f8581b94227dd554e0492bf5d2234f04
    name: rust
    evr: 1.88.0-1.el9
    sourcerpm: rust-1.88.0-1.el9.src.rpm
  - url: https://cdn-ubi.redhat.com/content/public/ubi/dist/ubi9/9/x86_64/appstream/os/Packages/r/rust-std-static-1.88.0-1.el9.x86_64.rpm
    repoid: ubi-9-for-x86_64-appstream-rpms
    size: 41209382
    checksum: sha256:5ac616ad878773059445a8c8cbc8ee013541712b321435a9adff5989558a3227
    name: rust-std-static
    evr: 1.88.0-1.el9
    sourcerpm: rust-1.88.0-1.el9.src.rpm
  - url: https://cdn-ubi.redhat.com/content/public/ubi/dist/ubi9/9/x86_64/baseos/os/Packages/b/binutils-2.35.2-67.el9_7.1.x86_64.rpm
    repoid: ubi-9-for-x86_64-baseos-rpms
    size: 4813551
    checksum: sha256:1e7ccdae7390ee9323971fef398e41687eb39ca06242ca1ab673ed8b31e99184
    name: binutils
    evr: 2.35.2-67.el9_7.1
    sourcerpm: binutils-2.35.2-67.el9_7.1.src.rpm
  - url: https://cdn-ubi.redhat.com/content/public/ubi/dist/ubi9/9/x86_64/baseos/os/Packages/b/binutils-gold-2.35.2-67.el9_7.1.x86_64.rpm
    repoid: ubi-9-for-x86_64-baseos-rpms
    size: 751923
    checksum: sha256:9dbb88e0bacb4985c5ae21b002fc2a2b2ad316ad3d8bd18e5f5a79729e92e9ee
    name: binutils-gold
    evr: 2.35.2-67.el9_7.1
    sourcerpm: binutils-2.35.2-67.el9_7.1.src.rpm
  - url: https://cdn-ubi.redhat.com/content/public/ubi/dist/ubi9/9/x86_64/baseos/os/Packages/e/elfutils-debuginfod-client-0.193-1.el9.x86_64.rpm
    repoid: ubi-9-for-x86_64-baseos-rpms
    size: 44629
    checksum: sha256:595b16ef65e5310e6091af8e9ff9dc378249ab3d739f7b02881b3eb33c9acce6
    name: elfutils-debuginfod-client
    evr: 0.193-1.el9
    sourcerpm: elfutils-0.193-1.el9.src.rpm
  - url: https://cdn-ubi.redhat.com/content/public/ubi/dist/ubi9/9/x86_64/baseos/os/Packages/e/elfutils-default-yama-scope-0.193-1.el9.noarch.rpm
    repoid: ubi-9-for-x86_64-baseos-rpms
    size: 9949
    checksum: sha256:8f64d1675627246b912a6b7b71bb4c28c2d1ef09753208253c90253a4a31132f
    name: elfutils-default-yama-scope
    evr: 0.193-1.el9
    sourcerpm: elfutils-0.193-1.el9.src.rpm
  - url: https://cdn-ubi.redhat.com/content/public/ubi/dist/ubi9/9/x86_64/baseos/os/Packages/e/elfutils-libelf-0.193-1.el9.x86_64.rpm
    repoid: ubi-9-for-x86_64-baseos-rpms
    size: 209533
    checksum: sha256:c37308dadac722a4fc928cb4b919c0c5561c458169f754beb7375eb067012195
    name: elfutils-libelf
    evr: 0.193-1.el9
    sourcerpm: elfutils-0.193-1.el9.src.rpm
  - url: https://cdn-ubi.redhat.com/content/public/ubi/dist/ubi9/9/x86_64/baseos/os/Packages/e/elfutils-libs-0.193-1.el9.x86_64.rpm
    repoid: ubi-9-for-x86_64-baseos-rpms
    size: 274462
    checksum: sha256:a1e6d8396c33dadf7f8f568284e90238e0e1d68a77b2c6c4b2e4ff00ff233e70
    name: elfutils-libs
    evr: 0.193-1.el9
    sourcerpm: elfutils-0.193-1.el9.src.rpm
  - url: https://cdn-ubi.redhat.com/content/public/ubi/dist/ubi9/9/x86_64/baseos/os/Packages/e/expat-2.5.0-5.el9_7.1.x86_64.rpm
    repoid: ubi-9-for-x86_64-baseos-rpms
    size: 120241
    checksum: sha256:e8ce7bfb8667fc6e4d080f4cae71e175a25cc78b5389a41e3e2e05ffe8edeafe
    name: expat
    evr: 2.5.0-5.el9_7.1
    sourcerpm: expat-2.5.0-5.el9_7.1.src.rpm
  - url: https://cdn-ubi.redhat.com/content/public/ubi/dist/ubi9/9/x86_64/baseos/os/Packages/l/libedit-3.1-38.20210216cvs.el9.x86_64.rpm
    repoid: ubi-9-for-x86_64-baseos-rpms
    size: 109330
    checksum: sha256:9e41ff5754a5dca1308adf9617828934d56cb60d8d08f128f80e4328f69bc78c
    name: libedit
    evr: 3.1-38.20210216cvs.el9
    sourcerpm: libedit-3.1-38.20210216cvs.el9.src.rpm
  - url: https://cdn-ubi.redhat.com/content/public/ubi/dist/ubi9/9/x86_64/baseos/os/Packages/l/libgomp-11.5.0-11.el9.x86_64.rpm
    repoid: ubi-9-for-x86_64-baseos-rpms
    size: 263529
    checksum: sha256:da7aa3b4934ff0ccf24f925b8216654cf9c9881f64075e2fde1da4f560ca5c2f
    name: libgomp
    evr: 11.5.0-11.el9
    sourcerpm: gcc-11.5.0-11.el9.src.rpm
  - url: https://cdn-ubi.redhat.com/content/public/ubi/dist/ubi9/9/x86_64/baseos/os/Packages/l/libpkgconf-1.7.3-10.el9.x86_64.rpm
    repoid: ubi-9-for-x86_64-baseos-rpms
    size: 38387
    checksum: sha256:4feae5941b73640bd86b8d506a657cac5b770043db1464fbcd207721b2159dda
    name: libpkgconf
    evr: 1.7.3-10.el9
    sourcerpm: pkgconf-1.7.3-10.el9.src.rpm
  - url: https://cdn-ubi.redhat.com/content/public/ubi/dist/ubi9/9/x86_64/baseos/os/Packages/l/libtirpc-1.3.3-9.el9.x86_64.rpm
    repoid: ubi-9-for-x86_64-baseos-rpms
    size: 98934
    checksum: sha256:f82cd69dc3aac881d5b574930c7d274687054cb5b03d3a8e3affa7bbcd5950b1
    name: libtirpc
    evr: 1.3.3-9.el9
    sourcerpm: libtirpc-1.3.3-9.el9.src.rpm
  - url: https://cdn-ubi.redhat.com/content/public/ubi/dist/ubi9/9/x86_64/baseos/os/Packages/m/make-4.3-8.el9.x86_64.rpm
    repoid: ubi-9-for-x86_64-baseos-rpms
    size: 553896
    checksum: sha256:561f0c2251e9217c81a6c88de4d2d9231a039aaab37e8a0d2559d36ce9fa85fd
    name: make
    evr: 1:4.3-8.el9
    sourcerpm: make-4.3-8.el9.src.rpm
  - url: https://cdn-ubi.redhat.com/content/public/ubi/dist/ubi9/9/x86_64/baseos/os/Packages/p/pkgconf-1.7.3-10.el9.x86_64.rpm
    repoid: ubi-9-for-x86_64-baseos-rpms
    size: 45675
    checksum: sha256:bb47b4ecc499c308f41031a99e723827d152d5d750f59849d0c265d820944a26
    name: pkgconf
    evr: 1.7.3-10.el9
    sourcerpm: pkgconf-1.7.3-10.el9.src.rpm
  - url: https://cdn-ubi.redhat.com/content/public/ubi/dist/ubi9/9/x86_64/baseos/os/Packages/p/pkgconf-m4-1.7.3-10.el9.noarch.rpm
    repoid: ubi-9-for-x86_64-baseos-rpms
    size: 16054
    checksum: sha256:91bafd6e06099451f60288327b275cfcc651822f6145176a157c6b0fa5131e02
    name: pkgconf-m4
    evr: 1.7.3-10.el9
    sourcerpm: pkgconf-1.7.3-10.el9.src.rpm
  - url: https://cdn-ubi.redhat.com/content/public/ubi/dist/ubi9/9/x86_64/baseos/os/Packages/p/pkgconf-pkg-config-1.7.3-10.el9.x86_64.rpm
    repoid: ubi-9-for-x86_64-baseos-rpms
    size: 12438
    checksum: sha256:9a502d81d73d3303ceb53a06ad7ce525c97117ea64352174a33708bf3429283d
    name: pkgconf-pkg-config
    evr: 1.7.3-10.el9
    sourcerpm: pkgconf-1.7.3-10.el9.src.rpm
  source: []
  module_metadata: []
